
Microsoft Visual Studio Solution File, Format Version 12.00
# Visual Studio Version 17
VisualStudioVersion = 17.14.36310.24
MinimumVisualStudioVersion = 10.0.40219.1
Project("{FAE04EC0-301F-11D3-BF4B-00C04F79EFBC}") = "Authentication", "Authentication\Authentication.csproj", "{1F3E6C4A-DCFE-46AA-8D40-238C74AD510F}"
EndProject
Project("{FAE04EC0-301F-11D3-BF4B-00C04F79EFBC}") = "Authentication.UITests", "Authentication.UITests\Authentication.UITests.csproj", "{97BF5488-8E6D-451B-B242-FFB6E1F24C62}"
EndProject
Global
	GlobalSection(SolutionConfigurationPlatforms) = preSolution
		Debug|Any CPU = Debug|Any CPU
		Release|Any CPU = Release|Any CPU
	EndGlobalSection
	GlobalSection(ProjectConfigurationPlatforms) = postSolution
		{1F3E6C4A-DCFE-46AA-8D40-238C74AD510F}.Debug|Any CPU.ActiveCfg = Debug|Any CPU
		{1F3E6C4A-DCFE-46AA-8D40-238C74AD510F}.Debug|Any CPU.Build.0 = Debug|Any CPU
		{1F3E6C4A-DCFE-46AA-8D40-238C74AD510F}.Release|Any CPU.ActiveCfg = Release|Any CPU
		{1F3E6C4A-DCFE-46AA-8D40-238C74AD510F}.Release|Any CPU.Build.0 = Release|Any CPU
		{97BF5488-8E6D-451B-B242-FFB6E1F24C62}.Debug|Any CPU.ActiveCfg = Debug|Any CPU
		{97BF5488-8E6D-451B-B242-FFB6E1F24C62}.Debug|Any CPU.Build.0 = Debug|Any CPU
		{97BF5488-8E6D-451B-B242-FFB6E1F24C62}.Release|Any CPU.ActiveCfg = Release|Any CPU
		{97BF5488-8E6D-451B-B242-FFB6E1F24C62}.Release|Any CPU.Build.0 = Release|Any CPU
	EndGlobalSection
	GlobalSection(SolutionProperties) = preSolution
		HideSolutionNode = FALSE
	EndGlobalSection
	GlobalSection(ExtensibilityGlobals) = postSolution
		SolutionGuid = {C75D5E56-DA28-4414-A960-2CBB331CED31}
	EndGlobalSection
EndGlobal
